{
  "name": "pprof-mbt",
  "version": "0.1.0",
  "lockfileVersion": 3,
  "requires": true,
  "packages": {
    "": {
      "name": "pprof-mbt",
      "version": "0.1.0",
      "workspaces": [
        "packages/*"
      ],
      "devDependencies": {
        "@mizchi/moonbit-wasm-host": "*"
      }
    },
    "node_modules/@mizchi/moonbit-wasm-host": {
      "resolved": "packages/moonbit-wasm-host",
      "link": true
    },
    "packages/moonbit-wasm-host": {
      "name": "@mizchi/moonbit-wasm-host",
      "version": "0.1.0",
      "license": "Apache-2.0"
    }
  }
}
