{
  "name": "pprof-mbt",
  "version": "1.0.0",
  "lockfileVersion": 3,
  "requires": true,
  "packages": {
    "": {
      "name": "pprof-mbt",
      "version": "1.0.0",
      "license": "ISC",
      "devDependencies": {
        "pprof-format": "^2.2.1"
      }
    },
    "node_modules/pprof-format": {
      "version": "2.2.1",
      "resolved": "https://registry.npmjs.org/pprof-format/-/pprof-format-2.2.1.tgz",
      "integrity": "sha512-p4tVN7iK19ccDqQv8heyobzUmbHyds4N2FI6aBMcXz6y99MglTWDxIyhFkNaLeEXs6IFUEzT0zya0icbSLLY0g==",
      "dev": true,
      "license": "MIT"
    }
  }
}
