{
  "name": "pprof-mbt",
  "version": "0.1.0",
  "lockfileVersion": 3,
  "requires": true,
  "packages": {
    "": {
      "name": "pprof-mbt",
      "version": "0.1.0",
      "workspaces": [
        "packages/*"
      ],
      "devDependencies": {
        "@mizchi/pprof-tools": "*"
      }
    },
    "node_modules/@mizchi/pprof-tools": {
      "resolved": "packages/pprof-tools",
      "link": true
    },
    "node_modules/pprof-format": {
      "version": "2.2.1",
      "resolved": "https://registry.npmjs.org/pprof-format/-/pprof-format-2.2.1.tgz",
      "integrity": "sha512-p4tVN7iK19ccDqQv8heyobzUmbHyds4N2FI6aBMcXz6y99MglTWDxIyhFkNaLeEXs6IFUEzT0zya0icbSLLY0g==",
      "license": "MIT"
    },
    "packages/moonbit-pprof": {
      "version": "0.1.0",
      "extraneous": true,
      "license": "Apache-2.0",
      "dependencies": {
        "pprof-format": "^2.2.1"
      }
    },
    "packages/pprof-tools": {
      "name": "@mizchi/pprof-tools",
      "version": "0.1.0",
      "license": "Apache-2.0",
      "dependencies": {
        "pprof-format": "^2.2.1"
      }
    }
  }
}
